
Microsoft Visual Studio Solution File, Format Version 12.00
# Visual Studio Version 17
VisualStudioVersion = 17.6.33829.357
MinimumVisualStudioVersion = 10.0.40219.1
Project("{9A19103F-16F7-4668-BE54-9A1E7A4F7556}") = "ResxDiffLib", "src\ResxDiff\ResxDiffLib.csproj", "{1966207D-B364-4C60-A903-6F7826B3A899}"
EndProject
Project("{9A19103F-16F7-4668-BE54-9A1E7A4F7556}") = "ResxDiffTest", "test\ResxDiffTest\ResxDiffTest.csproj", "{6D22F35D-40BE-4B35-81BB-69B7DCD03D88}"
EndProject
Project("{9A19103F-16F7-4668-BE54-9A1E7A4F7556}") = "ResxDiffConsole", "src\ResxDiffConsole\ResxDiffConsole.csproj", "{0BC4F749-742E-40ED-81F2-67E91BB91141}"
EndProject
Project("{2150E333-8FDC-42A3-9474-1A3956D46DE8}") = "Solution Items", "Solution Items", "{0EB81869-74F2-4730-B2F3-AEE1B9707E87}"
	ProjectSection(SolutionItems) = preProject
		build.cmd = build.cmd
		CONTRIBUTORS.md = CONTRIBUTORS.md
		install.cmd = install.cmd
	EndProjectSection
EndProject
Global
	GlobalSection(SolutionConfigurationPlatforms) = preSolution
		Debug|Any CPU = Debug|Any CPU
		Release|Any CPU = Release|Any CPU
	EndGlobalSection
	GlobalSection(ProjectConfigurationPlatforms) = postSolution
		{1966207D-B364-4C60-A903-6F7826B3A899}.Debug|Any CPU.ActiveCfg = Debug|Any CPU
		{1966207D-B364-4C60-A903-6F7826B3A899}.Debug|Any CPU.Build.0 = Debug|Any CPU
		{1966207D-B364-4C60-A903-6F7826B3A899}.Release|Any CPU.ActiveCfg = Release|Any CPU
		{1966207D-B364-4C60-A903-6F7826B3A899}.Release|Any CPU.Build.0 = Release|Any CPU
		{6D22F35D-40BE-4B35-81BB-69B7DCD03D88}.Debug|Any CPU.ActiveCfg = Debug|Any CPU
		{6D22F35D-40BE-4B35-81BB-69B7DCD03D88}.Debug|Any CPU.Build.0 = Debug|Any CPU
		{6D22F35D-40BE-4B35-81BB-69B7DCD03D88}.Release|Any CPU.ActiveCfg = Release|Any CPU
		{6D22F35D-40BE-4B35-81BB-69B7DCD03D88}.Release|Any CPU.Build.0 = Release|Any CPU
		{0BC4F749-742E-40ED-81F2-67E91BB91141}.Debug|Any CPU.ActiveCfg = Debug|Any CPU
		{0BC4F749-742E-40ED-81F2-67E91BB91141}.Debug|Any CPU.Build.0 = Debug|Any CPU
		{0BC4F749-742E-40ED-81F2-67E91BB91141}.Release|Any CPU.ActiveCfg = Release|Any CPU
		{0BC4F749-742E-40ED-81F2-67E91BB91141}.Release|Any CPU.Build.0 = Release|Any CPU
	EndGlobalSection
	GlobalSection(SolutionProperties) = preSolution
		HideSolutionNode = FALSE
	EndGlobalSection
	GlobalSection(ExtensibilityGlobals) = postSolution
		SolutionGuid = {1E3530A8-008D-4154-9CE8-F51BC14685D8}
	EndGlobalSection
EndGlobal
